
Microsoft Visual Studio Solution File, Format Version 12.00
# Visual Studio Version 17
VisualStudioVersion = 17.2.32526.322
MinimumVisualStudioVersion = 10.0.40219.1
Project("{FAE04EC0-301F-11D3-BF4B-00C04F79EFBC}") = "DanhSachSinhVien", "DanhSachSinhVien\DanhSachSinhVien.csproj", "{CD3CC2AA-E304-4399-8F1C-225E71F0E05B}"
EndProject
Global
	GlobalSection(SolutionConfigurationPlatforms) = preSolution
		Debug|Any CPU = Debug|Any CPU
		Release|Any CPU = Release|Any CPU
	EndGlobalSection
	GlobalSection(ProjectConfigurationPlatforms) = postSolution
		{CD3CC2AA-E304-4399-8F1C-225E71F0E05B}.Debug|Any CPU.ActiveCfg = Debug|Any CPU
		{CD3CC2AA-E304-4399-8F1C-225E71F0E05B}.Debug|Any CPU.Build.0 = Debug|Any CPU
		{CD3CC2AA-E304-4399-8F1C-225E71F0E05B}.Release|Any CPU.ActiveCfg = Release|Any CPU
		{CD3CC2AA-E304-4399-8F1C-225E71F0E05B}.Release|Any CPU.Build.0 = Release|Any CPU
	EndGlobalSection
	GlobalSection(SolutionProperties) = preSolution
		HideSolutionNode = FALSE
	EndGlobalSection
	GlobalSection(ExtensibilityGlobals) = postSolution
		SolutionGuid = {FD59C39C-071E-427F-BDB9-1D58CDAFDA26}
	EndGlobalSection
EndGlobal
